PODS:
  - Crashlytics (3.8.4):
    - Fabric (~> 1.6.3)
  - Fabric (1.6.11)
  - TensorFlow-experimental (1.1.1)

DEPENDENCIES:
  - Crashlytics
  - Fabric
  - TensorFlow-experimental

SPEC CHECKSUMS:
  Crashlytics: 79e236942ca1e7fc641df1feb9a275360a78ab6a
  Fabric: 5911403591946b8228ab1c51d98f1d7137e863c6
  TensorFlow-experimental: c38ed2a43acaa2d42ce4174ac076efaa76e26a12

PODFILE CHECKSUM: d324ab02b0a53cf33991a0e360ab66de96b7c125

COCOAPODS: 1.2.1
