PODS:
  - Crashlytics (3.9.3):
    - Fabric (~> 1.7.2)
  - Fabric (1.7.2)
  - TensorFlow-experimental (1.1.1)

DEPENDENCIES:
  - Crashlytics (~> 3.9)
  - Fabric
  - TensorFlow-experimental

SPEC CHECKSUMS:
  Crashlytics: dbb07d01876c171c5ccbdf7826410380189e452c
  Fabric: 9cd6a848efcf1b8b07497e0b6a2e7d336353ba15
  TensorFlow-experimental: c38ed2a43acaa2d42ce4174ac076efaa76e26a12

PODFILE CHECKSUM: aa293de7123dba8d07d18a7860940d7149b5d6c9

COCOAPODS: 1.3.1
